
Microsoft Visual Studio Solution File, Format Version 12.00
# Visual Studio 15
VisualStudioVersion = 15.0.28010.2016
MinimumVisualStudioVersion = 10.0.40219.1
Project("{9A19103F-16F7-4668-BE54-9A1E7A4F7556}") = "Catalogo.Api", "Catalogo.Api\Catalogo.Api.csproj", "{84342719-D1BE-467E-82D1-1AED18A6742F}"
EndProject
Global
	GlobalSection(SolutionConfigurationPlatforms) = preSolution
		Debug|Any CPU = Debug|Any CPU
		Release|Any CPU = Release|Any CPU
	EndGlobalSection
	GlobalSection(ProjectConfigurationPlatforms) = postSolution
		{84342719-D1BE-467E-82D1-1AED18A6742F}.Debug|Any CPU.ActiveCfg = Debug|Any CPU
		{84342719-D1BE-467E-82D1-1AED18A6742F}.Debug|Any CPU.Build.0 = Debug|Any CPU
		{84342719-D1BE-467E-82D1-1AED18A6742F}.Release|Any CPU.ActiveCfg = Release|Any CPU
		{84342719-D1BE-467E-82D1-1AED18A6742F}.Release|Any CPU.Build.0 = Release|Any CPU
	EndGlobalSection
	GlobalSection(SolutionProperties) = preSolution
		HideSolutionNode = FALSE
	EndGlobalSection
	GlobalSection(ExtensibilityGlobals) = postSolution
		SolutionGuid = {985167B6-B176-48A0-836C-2F24507E482F}
	EndGlobalSection
EndGlobal
